
Microsoft Visual Studio Solution File, Format Version 12.00
# Blend for Visual Studio 14
VisualStudioVersion = 14.0.25123.0
MinimumVisualStudioVersion = 10.0.40219.1
Project("{FAE04EC0-301F-11D3-BF4B-00C04F79EFBC}") = "WpfDirectoryTreeView", "WpfDirectoryTreeView.csproj", "{BD27B3B2-C376-43F0-8966-1A928B9A4C17}"
EndProject
Global
	GlobalSection(SolutionConfigurationPlatforms) = preSolution
		Debug|Any CPU = Debug|Any CPU
		Release|Any CPU = Release|Any CPU
	EndGlobalSection
	GlobalSection(ProjectConfigurationPlatforms) = postSolution
		{BD27B3B2-C376-43F0-8966-1A928B9A4C17}.Debug|Any CPU.ActiveCfg = Debug|Any CPU
		{BD27B3B2-C376-43F0-8966-1A928B9A4C17}.Debug|Any CPU.Build.0 = Debug|Any CPU
		{BD27B3B2-C376-43F0-8966-1A928B9A4C17}.Release|Any CPU.ActiveCfg = Release|Any CPU
		{BD27B3B2-C376-43F0-8966-1A928B9A4C17}.Release|Any CPU.Build.0 = Release|Any CPU
	EndGlobalSection
	GlobalSection(SolutionProperties) = preSolution
		HideSolutionNode = FALSE
	EndGlobalSection
EndGlobal
